
Microsoft Visual Studio Solution File, Format Version 10.00
# Visual Studio 2008
Project("{FAE04EC0-301F-11D3-BF4B-00C04F79EFBC}") = "Photoshop7Automation", "Photoshop7Automation\Photoshop7Automation.csproj", "{D63170C7-12C9-4FC2-A5F6-6ECA5FAB659A}"
EndProject
Global
	GlobalSection(SolutionConfigurationPlatforms) = preSolution
		Debug|Any CPU = Debug|Any CPU
		Release|Any CPU = Release|Any CPU
	EndGlobalSection
	GlobalSection(ProjectConfigurationPlatforms) = postSolution
		{D63170C7-12C9-4FC2-A5F6-6ECA5FAB659A}.Debug|Any CPU.ActiveCfg = Debug|Any CPU
		{D63170C7-12C9-4FC2-A5F6-6ECA5FAB659A}.Debug|Any CPU.Build.0 = Debug|Any CPU
		{D63170C7-12C9-4FC2-A5F6-6ECA5FAB659A}.Release|Any CPU.ActiveCfg = Release|Any CPU
		{D63170C7-12C9-4FC2-A5F6-6ECA5FAB659A}.Release|Any CPU.Build.0 = Release|Any CPU
	EndGlobalSection
	GlobalSection(SolutionProperties) = preSolution
		HideSolutionNode = FALSE
	EndGlobalSection
EndGlobal
